
Microsoft Visual Studio Solution File, Format Version 12.00
# Visual Studio Version 16
VisualStudioVersion = 16.0.30503.244
MinimumVisualStudioVersion = 10.0.40219.1
Project("{FAE04EC0-301F-11D3-BF4B-00C04F79EFBC}") = "FLYNET", "FLYNET\FLYNET.csproj", "{1B14D4F7-E591-46EC-B707-3216231086DB}"
EndProject
Global
	GlobalSection(SolutionConfigurationPlatforms) = preSolution
		Debug|Any CPU = Debug|Any CPU
		Release|Any CPU = Release|Any CPU
	EndGlobalSection
	GlobalSection(ProjectConfigurationPlatforms) = postSolution
		{1B14D4F7-E591-46EC-B707-3216231086DB}.Debug|Any CPU.ActiveCfg = Debug|Any CPU
		{1B14D4F7-E591-46EC-B707-3216231086DB}.Debug|Any CPU.Build.0 = Debug|Any CPU
		{1B14D4F7-E591-46EC-B707-3216231086DB}.Release|Any CPU.ActiveCfg = Release|Any CPU
		{1B14D4F7-E591-46EC-B707-3216231086DB}.Release|Any CPU.Build.0 = Release|Any CPU
	EndGlobalSection
	GlobalSection(SolutionProperties) = preSolution
		HideSolutionNode = FALSE
	EndGlobalSection
	GlobalSection(ExtensibilityGlobals) = postSolution
		SolutionGuid = {64F882FD-79CA-4A1B-BED2-D94D0A99E02C}
	EndGlobalSection
EndGlobal
